
Microsoft Visual Studio Solution File, Format Version 12.00
# Visual Studio Version 17
VisualStudioVersion = 17.0.31903.59
MinimumVisualStudioVersion = 10.0.40219.1
Project("{FAE04EC0-301F-11D3-BF4B-00C04F79EFBC}") = "SayıTahminEtme", "SayıTahminEtme.csproj", "{06CBD970-A235-43FE-9A34-FB0D6C57076C}"
EndProject
Global
	GlobalSection(SolutionConfigurationPlatforms) = preSolution
		Debug|Any CPU = Debug|Any CPU
		Release|Any CPU = Release|Any CPU
	EndGlobalSection
	GlobalSection(ProjectConfigurationPlatforms) = postSolution
		{06CBD970-A235-43FE-9A34-FB0D6C57076C}.Debug|Any CPU.ActiveCfg = Debug|Any CPU
		{06CBD970-A235-43FE-9A34-FB0D6C57076C}.Debug|Any CPU.Build.0 = Debug|Any CPU
		{06CBD970-A235-43FE-9A34-FB0D6C57076C}.Release|Any CPU.ActiveCfg = Release|Any CPU
		{06CBD970-A235-43FE-9A34-FB0D6C57076C}.Release|Any CPU.Build.0 = Release|Any CPU
	EndGlobalSection
	GlobalSection(SolutionProperties) = preSolution
		HideSolutionNode = FALSE
	EndGlobalSection
	GlobalSection(ExtensibilityGlobals) = postSolution
		SolutionGuid = {72705D6D-A4C0-4760-B208-18466D894BBD}
	EndGlobalSection
EndGlobal
