
Microsoft Visual Studio Solution File, Format Version 12.00
# Visual Studio Version 17
VisualStudioVersion = 17.0.31903.59
MinimumVisualStudioVersion = 10.0.40219.1
Project("{FAE04EC0-301F-11D3-BF4B-00C04F79EFBC}") = "MetinBelgesiOkuma", "MetinBelgesiOkuma.csproj", "{0937B335-C918-4109-A775-5328BB0944C1}"
EndProject
Global
	GlobalSection(SolutionConfigurationPlatforms) = preSolution
		Debug|Any CPU = Debug|Any CPU
		Release|Any CPU = Release|Any CPU
	EndGlobalSection
	GlobalSection(ProjectConfigurationPlatforms) = postSolution
		{0937B335-C918-4109-A775-5328BB0944C1}.Debug|Any CPU.ActiveCfg = Debug|Any CPU
		{0937B335-C918-4109-A775-5328BB0944C1}.Debug|Any CPU.Build.0 = Debug|Any CPU
		{0937B335-C918-4109-A775-5328BB0944C1}.Release|Any CPU.ActiveCfg = Release|Any CPU
		{0937B335-C918-4109-A775-5328BB0944C1}.Release|Any CPU.Build.0 = Release|Any CPU
	EndGlobalSection
	GlobalSection(SolutionProperties) = preSolution
		HideSolutionNode = FALSE
	EndGlobalSection
	GlobalSection(ExtensibilityGlobals) = postSolution
		SolutionGuid = {16C28265-84A0-463E-9C9F-670B92CD3648}
	EndGlobalSection
EndGlobal
