
Microsoft Visual Studio Solution File, Format Version 12.00
# Visual Studio Version 17
VisualStudioVersion = 17.0.31903.59
MinimumVisualStudioVersion = 10.0.40219.1
Project("{FAE04EC0-301F-11D3-BF4B-00C04F79EFBC}") = "MetinBelgesineKaydetme", "MetinBelgesineKaydetme.csproj", "{52F03F78-0600-47E4-AA8E-92C268E9D979}"
EndProject
Global
	GlobalSection(SolutionConfigurationPlatforms) = preSolution
		Debug|Any CPU = Debug|Any CPU
		Release|Any CPU = Release|Any CPU
	EndGlobalSection
	GlobalSection(ProjectConfigurationPlatforms) = postSolution
		{52F03F78-0600-47E4-AA8E-92C268E9D979}.Debug|Any CPU.ActiveCfg = Debug|Any CPU
		{52F03F78-0600-47E4-AA8E-92C268E9D979}.Debug|Any CPU.Build.0 = Debug|Any CPU
		{52F03F78-0600-47E4-AA8E-92C268E9D979}.Release|Any CPU.ActiveCfg = Release|Any CPU
		{52F03F78-0600-47E4-AA8E-92C268E9D979}.Release|Any CPU.Build.0 = Release|Any CPU
	EndGlobalSection
	GlobalSection(SolutionProperties) = preSolution
		HideSolutionNode = FALSE
	EndGlobalSection
	GlobalSection(ExtensibilityGlobals) = postSolution
		SolutionGuid = {BB80B427-260B-4B14-92E8-1C594C2C1E99}
	EndGlobalSection
EndGlobal
