
Microsoft Visual Studio Solution File, Format Version 12.00
# Visual Studio Version 17
VisualStudioVersion = 17.0.31903.59
MinimumVisualStudioVersion = 10.0.40219.1
Project("{FAE04EC0-301F-11D3-BF4B-00C04F79EFBC}") = "MenuStripLeFragmanProjesi", "MenuStripLeFragmanProjesi.csproj", "{3AD049F5-4C0C-4C14-9CE8-8E4C55F334F8}"
EndProject
Global
	GlobalSection(SolutionConfigurationPlatforms) = preSolution
		Debug|Any CPU = Debug|Any CPU
		Release|Any CPU = Release|Any CPU
	EndGlobalSection
	GlobalSection(ProjectConfigurationPlatforms) = postSolution
		{3AD049F5-4C0C-4C14-9CE8-8E4C55F334F8}.Debug|Any CPU.ActiveCfg = Debug|Any CPU
		{3AD049F5-4C0C-4C14-9CE8-8E4C55F334F8}.Debug|Any CPU.Build.0 = Debug|Any CPU
		{3AD049F5-4C0C-4C14-9CE8-8E4C55F334F8}.Release|Any CPU.ActiveCfg = Release|Any CPU
		{3AD049F5-4C0C-4C14-9CE8-8E4C55F334F8}.Release|Any CPU.Build.0 = Release|Any CPU
	EndGlobalSection
	GlobalSection(SolutionProperties) = preSolution
		HideSolutionNode = FALSE
	EndGlobalSection
	GlobalSection(ExtensibilityGlobals) = postSolution
		SolutionGuid = {00BB3F5E-88D5-4ECE-B244-EB8707581EB0}
	EndGlobalSection
EndGlobal
