
Microsoft Visual Studio Solution File, Format Version 12.00
# Visual Studio Version 17
VisualStudioVersion = 17.0.31903.59
MinimumVisualStudioVersion = 10.0.40219.1
Project("{FAE04EC0-301F-11D3-BF4B-00C04F79EFBC}") = "Combo ve List Box", "Combo ve List Box.csproj", "{4B04182F-628A-4377-912D-D258A6B5B782}"
EndProject
Global
	GlobalSection(SolutionConfigurationPlatforms) = preSolution
		Debug|Any CPU = Debug|Any CPU
		Release|Any CPU = Release|Any CPU
	EndGlobalSection
	GlobalSection(ProjectConfigurationPlatforms) = postSolution
		{4B04182F-628A-4377-912D-D258A6B5B782}.Debug|Any CPU.ActiveCfg = Debug|Any CPU
		{4B04182F-628A-4377-912D-D258A6B5B782}.Debug|Any CPU.Build.0 = Debug|Any CPU
		{4B04182F-628A-4377-912D-D258A6B5B782}.Release|Any CPU.ActiveCfg = Release|Any CPU
		{4B04182F-628A-4377-912D-D258A6B5B782}.Release|Any CPU.Build.0 = Release|Any CPU
	EndGlobalSection
	GlobalSection(SolutionProperties) = preSolution
		HideSolutionNode = FALSE
	EndGlobalSection
	GlobalSection(ExtensibilityGlobals) = postSolution
		SolutionGuid = {D4987EB8-C774-4D32-81AE-3B12A9AB4053}
	EndGlobalSection
EndGlobal
